
Microsoft Visual Studio Solution File, Format Version 12.00
# Visual Studio 15
VisualStudioVersion = 15.0.27428.2037
MinimumVisualStudioVersion = 10.0.40219.1
Project("{FAE04EC0-301F-11D3-BF4B-00C04F79EFBC}") = "ppp", "ppp\ppp.csproj", "{53D80DE9-2269-43F4-98DB-937287894EA9}"
EndProject
Global
	GlobalSection(SolutionConfigurationPlatforms) = preSolution
		Debug|Any CPU = Debug|Any CPU
		Release|Any CPU = Release|Any CPU
	EndGlobalSection
	GlobalSection(ProjectConfigurationPlatforms) = postSolution
		{53D80DE9-2269-43F4-98DB-937287894EA9}.Debug|Any CPU.ActiveCfg = Debug|Any CPU
		{53D80DE9-2269-43F4-98DB-937287894EA9}.Debug|Any CPU.Build.0 = Debug|Any CPU
		{53D80DE9-2269-43F4-98DB-937287894EA9}.Release|Any CPU.ActiveCfg = Release|Any CPU
		{53D80DE9-2269-43F4-98DB-937287894EA9}.Release|Any CPU.Build.0 = Release|Any CPU
	EndGlobalSection
	GlobalSection(SolutionProperties) = preSolution
		HideSolutionNode = FALSE
	EndGlobalSection
	GlobalSection(ExtensibilityGlobals) = postSolution
		SolutionGuid = {3D21DA2E-22F0-47A4-894D-48F2BC59B031}
	EndGlobalSection
EndGlobal
